
Microsoft Visual Studio Solution File, Format Version 12.00
Project("{FAE04EC0-301F-11D3-BF4B-00C04F79EFBC}") = "Calculator", "Calculator\Calculator.csproj", "{DF402EBB-7CDB-4A7F-96A3-CE03695B3ACD}"
EndProject
Project("{FAE04EC0-301F-11D3-BF4B-00C04F79EFBC}") = "Calculator.Test", "Calculator.Test\Calculator.Test.csproj", "{B2FAFAC9-13B8-43B6-B9C0-1BD7D6786D18}"
EndProject
Global
	GlobalSection(SolutionConfigurationPlatforms) = preSolution
		Debug|Any CPU = Debug|Any CPU
		Release|Any CPU = Release|Any CPU
	EndGlobalSection
	GlobalSection(ProjectConfigurationPlatforms) = postSolution
		{DF402EBB-7CDB-4A7F-96A3-CE03695B3ACD}.Debug|Any CPU.ActiveCfg = Debug|Any CPU
		{DF402EBB-7CDB-4A7F-96A3-CE03695B3ACD}.Debug|Any CPU.Build.0 = Debug|Any CPU
		{DF402EBB-7CDB-4A7F-96A3-CE03695B3ACD}.Release|Any CPU.ActiveCfg = Release|Any CPU
		{DF402EBB-7CDB-4A7F-96A3-CE03695B3ACD}.Release|Any CPU.Build.0 = Release|Any CPU
		{B2FAFAC9-13B8-43B6-B9C0-1BD7D6786D18}.Debug|Any CPU.ActiveCfg = Debug|Any CPU
		{B2FAFAC9-13B8-43B6-B9C0-1BD7D6786D18}.Debug|Any CPU.Build.0 = Debug|Any CPU
		{B2FAFAC9-13B8-43B6-B9C0-1BD7D6786D18}.Release|Any CPU.ActiveCfg = Release|Any CPU
		{B2FAFAC9-13B8-43B6-B9C0-1BD7D6786D18}.Release|Any CPU.Build.0 = Release|Any CPU
	EndGlobalSection
EndGlobal
